
Microsoft Visual Studio Solution File, Format Version 12.00
# Visual Studio Version 17
VisualStudioVersion = 17.6.33829.357
MinimumVisualStudioVersion = 10.0.40219.1
Project("{FAE04EC0-301F-11D3-BF4B-00C04F79EFBC}") = "backend", "backend.csproj", "{A2FBA82F-D8F3-4CBE-A2ED-23446E99A17F}"
EndProject
Global
	GlobalSection(SolutionConfigurationPlatforms) = preSolution
		Debug|Any CPU = Debug|Any CPU
		Release|Any CPU = Release|Any CPU
	EndGlobalSection
	GlobalSection(ProjectConfigurationPlatforms) = postSolution
		{A2FBA82F-D8F3-4CBE-A2ED-23446E99A17F}.Debug|Any CPU.ActiveCfg = Debug|Any CPU
		{A2FBA82F-D8F3-4CBE-A2ED-23446E99A17F}.Debug|Any CPU.Build.0 = Debug|Any CPU
		{A2FBA82F-D8F3-4CBE-A2ED-23446E99A17F}.Release|Any CPU.ActiveCfg = Release|Any CPU
		{A2FBA82F-D8F3-4CBE-A2ED-23446E99A17F}.Release|Any CPU.Build.0 = Release|Any CPU
	EndGlobalSection
	GlobalSection(SolutionProperties) = preSolution
		HideSolutionNode = FALSE
	EndGlobalSection
	GlobalSection(ExtensibilityGlobals) = postSolution
		SolutionGuid = {FEA1B986-C48E-40B0-80B8-900F1624224D}
	EndGlobalSection
EndGlobal
